
Microsoft Visual Studio Solution File, Format Version 12.00
# Visual Studio Version 17
VisualStudioVersion = 17.5.33530.505
MinimumVisualStudioVersion = 10.0.40219.1
Project("{FAE04EC0-301F-11D3-BF4B-00C04F79EFBC}") = "Evidence", "Evidence\Evidence.csproj", "{3DF85866-9BF4-4D08-AA6B-4D5B2FC59DEA}"
EndProject
Project("{2150E333-8FDC-42A3-9474-1A3956D46DE8}") = "Položky řešení", "Položky řešení", "{187375C7-3729-4723-A75C-E3C31EA64C44}"
EndProject
Global
	GlobalSection(SolutionConfigurationPlatforms) = preSolution
		Debug|Any CPU = Debug|Any CPU
		Release|Any CPU = Release|Any CPU
	EndGlobalSection
	GlobalSection(ProjectConfigurationPlatforms) = postSolution
		{3DF85866-9BF4-4D08-AA6B-4D5B2FC59DEA}.Debug|Any CPU.ActiveCfg = Debug|Any CPU
		{3DF85866-9BF4-4D08-AA6B-4D5B2FC59DEA}.Debug|Any CPU.Build.0 = Debug|Any CPU
		{3DF85866-9BF4-4D08-AA6B-4D5B2FC59DEA}.Release|Any CPU.ActiveCfg = Release|Any CPU
		{3DF85866-9BF4-4D08-AA6B-4D5B2FC59DEA}.Release|Any CPU.Build.0 = Release|Any CPU
	EndGlobalSection
	GlobalSection(SolutionProperties) = preSolution
		HideSolutionNode = FALSE
	EndGlobalSection
	GlobalSection(ExtensibilityGlobals) = postSolution
		SolutionGuid = {4FFDB6EA-7428-46FE-ADE3-43F57D8424FA}
	EndGlobalSection
EndGlobal
